// !$*UTF8*$!
{
	archiveVersion = 1;
	classes = {
	};
	objectVersion = 48;
	objects = {

/* Begin PBXBuildFile section */
		153DBEB22CD8136DC4BC9599 /* Pods_PeerBucketSample.framework in Frameworks */ = {isa = PBXBuildFile; fileRef = 608C789048B41930551ACF4B /* Pods_PeerBucketSample.framework */; };
		8172B4CD2066A29300AB1DA6 /* CustomNewFolderCell.swift in Sources */ = {isa = PBXBuildFile; fileRef = 8172B4CC2066A29100AB1DA6 /* CustomNewFolderCell.swift */; };
		819EFAAA205B997100BE9CFF /* AppDelegate.swift in Sources */ = {isa = PBXBuildFile; fileRef = 819EFAA9205B997100BE9CFF /* AppDelegate.swift */; };
		819EFAB1205B997100BE9CFF /* Assets.xcassets in Resources */ = {isa = PBXBuildFile; fileRef = 819EFAB0205B997100BE9CFF /* Assets.xcassets */; };
		819EFAB4205B997100BE9CFF /* LaunchScreen.storyboard in Resources */ = {isa = PBXBuildFile; fileRef = 819EFAB2205B997100BE9CFF /* LaunchScreen.storyboard */; };
		819EFAC3205B9D0400BE9CFF /* APIEndPoints.swift in Sources */ = {isa = PBXBuildFile; fileRef = 819EFAC0205B9D0400BE9CFF /* APIEndPoints.swift */; };
		819EFAC4205B9D0400BE9CFF /* NetworkManager.swift in Sources */ = {isa = PBXBuildFile; fileRef = 819EFAC1205B9D0400BE9CFF /* NetworkManager.swift */; };
		819EFAC5205B9D0400BE9CFF /* Utility.swift in Sources */ = {isa = PBXBuildFile; fileRef = 819EFAC2205B9D0400BE9CFF /* Utility.swift */; };
		81AA152A205C04F400F1F80F /* BaseVC.swift in Sources */ = {isa = PBXBuildFile; fileRef = 81AA1526205C04F400F1F80F /* BaseVC.swift */; };
		81AA152C205C04F400F1F80F /* HomeViewController.swift in Sources */ = {isa = PBXBuildFile; fileRef = 81AA1528205C04F400F1F80F /* HomeViewController.swift */; };
		81AA152D205C04F400F1F80F /* PopVC.swift in Sources */ = {isa = PBXBuildFile; fileRef = 81AA1529205C04F400F1F80F /* PopVC.swift */; };
		81AA1533205C059400F1F80F /* DocsHomeVC.swift in Sources */ = {isa = PBXBuildFile; fileRef = 81AA1531205C059400F1F80F /* DocsHomeVC.swift */; };
		81AA1535205C05A600F1F80F /* DocsHomeViewModel.swift in Sources */ = {isa = PBXBuildFile; fileRef = 81AA1534205C05A600F1F80F /* DocsHomeViewModel.swift */; };
		81AA1537205C05C400F1F80F /* DocsHomeModel.swift in Sources */ = {isa = PBXBuildFile; fileRef = 81AA1536205C05C400F1F80F /* DocsHomeModel.swift */; };
		81AA153A205C07C400F1F80F /* CustomDocFileCell.swift in Sources */ = {isa = PBXBuildFile; fileRef = 81AA1539205C07C400F1F80F /* CustomDocFileCell.swift */; };
		81AA153C205C07DC00F1F80F /* CustomDocFolderCell.swift in Sources */ = {isa = PBXBuildFile; fileRef = 81AA153B205C07DC00F1F80F /* CustomDocFolderCell.swift */; };
		81AA153E205C08BB00F1F80F /* DocsHomeVC+UICollectionView.swift in Sources */ = {isa = PBXBuildFile; fileRef = 81AA153D205C08BB00F1F80F /* DocsHomeVC+UICollectionView.swift */; };
		81AA1546205D352B00F1F80F /* SelectFileVC.swift in Sources */ = {isa = PBXBuildFile; fileRef = 81AA1544205D352B00F1F80F /* SelectFileVC.swift */; };
		81AA1548205D353C00F1F80F /* SelectFileViewModel.swift in Sources */ = {isa = PBXBuildFile; fileRef = 81AA1547205D353C00F1F80F /* SelectFileViewModel.swift */; };
		81AA154A205D354B00F1F80F /* SelectFileModel.swift in Sources */ = {isa = PBXBuildFile; fileRef = 81AA1549205D354B00F1F80F /* SelectFileModel.swift */; };
		81AA154C205D357A00F1F80F /* SelectFileVC+UIImagePicker.swift in Sources */ = {isa = PBXBuildFile; fileRef = 81AA154B205D357A00F1F80F /* SelectFileVC+UIImagePicker.swift */; };
		81AA1552205D3CEE00F1F80F /* SelectedFileVC.swift in Sources */ = {isa = PBXBuildFile; fileRef = 81AA1551205D3CEE00F1F80F /* SelectedFileVC.swift */; };
		81AA1554205D3D0100F1F80F /* SelectedFileModel.swift in Sources */ = {isa = PBXBuildFile; fileRef = 81AA1553205D3D0100F1F80F /* SelectedFileModel.swift */; };
		81AA1556205D3D1600F1F80F /* SelectedFileViewModel.swift in Sources */ = {isa = PBXBuildFile; fileRef = 81AA1555205D3D1600F1F80F /* SelectedFileViewModel.swift */; };
		81AEA95B205F6C4E00967FFA /* CollectionFooterReusableView.swift in Sources */ = {isa = PBXBuildFile; fileRef = 81AEA95A205F6C4E00967FFA /* CollectionFooterReusableView.swift */; };
		81AEA95E205F6C9600967FFA /* DocsAndFiles.storyboard in Resources */ = {isa = PBXBuildFile; fileRef = 81AEA95D205F6C9600967FFA /* DocsAndFiles.storyboard */; };
		81AEA960205F6CAE00967FFA /* CustomViews.xib in Resources */ = {isa = PBXBuildFile; fileRef = 81AEA95F205F6CAE00967FFA /* CustomViews.xib */; };
		81AEA9622060C23400967FFA /* FileManagerHelper.swift in Sources */ = {isa = PBXBuildFile; fileRef = 81AEA9612060C23400967FFA /* FileManagerHelper.swift */; };
		81AEA9642060CB0400967FFA /* DocsFilesConstants.swift in Sources */ = {isa = PBXBuildFile; fileRef = 81AEA9632060CB0400967FFA /* DocsFilesConstants.swift */; };
/* End PBXBuildFile section */

/* Begin PBXFileReference section */
		04A7A478775DEED766EF7A1D /* Pods-PeerBucketSample.release.xcconfig */ = {isa = PBXFileReference; includeInIndex = 1; lastKnownFileType = text.xcconfig; name = "Pods-PeerBucketSample.release.xcconfig"; path = "Pods/Target Support Files/Pods-PeerBucketSample/Pods-PeerBucketSample.release.xcconfig"; sourceTree = "<group>"; };
		608C789048B41930551ACF4B /* Pods_PeerBucketSample.framework */ = {isa = PBXFileReference; explicitFileType = wrapper.framework; includeInIndex = 0; path = Pods_PeerBucketSample.framework; sourceTree = BUILT_PRODUCTS_DIR; };
		8172B4CC2066A29100AB1DA6 /* CustomNewFolderCell.swift */ = {isa = PBXFileReference; fileEncoding = 4; lastKnownFileType = sourcecode.swift; path = CustomNewFolderCell.swift; sourceTree = "<group>"; };
		819EFAA6205B997100BE9CFF /* PeerBucketSample.app */ = {isa = PBXFileReference; explicitFileType = wrapper.application; includeInIndex = 0; path = PeerBucketSample.app; sourceTree = BUILT_PRODUCTS_DIR; };
		819EFAA9205B997100BE9CFF /* AppDelegate.swift */ = {isa = PBXFileReference; lastKnownFileType = sourcecode.swift; path = AppDelegate.swift; sourceTree = "<group>"; };
		819EFAB0205B997100BE9CFF /* Assets.xcassets */ = {isa = PBXFileReference; lastKnownFileType = folder.assetcatalog; path = Assets.xcassets; sourceTree = "<group>"; };
		819EFAB3205B997100BE9CFF /* Base */ = {isa = PBXFileReference; lastKnownFileType = file.storyboard; name = Base; path = Base.lproj/LaunchScreen.storyboard; sourceTree = "<group>"; };
		819EFAB5205B997100BE9CFF /* Info.plist */ = {isa = PBXFileReference; lastKnownFileType = text.plist.xml; path = Info.plist; sourceTree = "<group>"; };
		819EFAC0205B9D0400BE9CFF /* APIEndPoints.swift */ = {isa = PBXFileReference; fileEncoding = 4; lastKnownFileType = sourcecode.swift; path = APIEndPoints.swift; sourceTree = "<group>"; };
		819EFAC1205B9D0400BE9CFF /* NetworkManager.swift */ = {isa = PBXFileReference; fileEncoding = 4; lastKnownFileType = sourcecode.swift; path = NetworkManager.swift; sourceTree = "<group>"; };
		819EFAC2205B9D0400BE9CFF /* Utility.swift */ = {isa = PBXFileReference; fileEncoding = 4; lastKnownFileType = sourcecode.swift; path = Utility.swift; sourceTree = "<group>"; };
		81AA1526205C04F400F1F80F /* BaseVC.swift */ = {isa = PBXFileReference; fileEncoding = 4; lastKnownFileType = sourcecode.swift; path = BaseVC.swift; sourceTree = "<group>"; };
		81AA1528205C04F400F1F80F /* HomeViewController.swift */ = {isa = PBXFileReference; fileEncoding = 4; lastKnownFileType = sourcecode.swift; path = HomeViewController.swift; sourceTree = "<group>"; };
		81AA1529205C04F400F1F80F /* PopVC.swift */ = {isa = PBXFileReference; fileEncoding = 4; lastKnownFileType = sourcecode.swift; path = PopVC.swift; sourceTree = "<group>"; };
		81AA1531205C059400F1F80F /* DocsHomeVC.swift */ = {isa = PBXFileReference; fileEncoding = 4; lastKnownFileType = sourcecode.swift; path = DocsHomeVC.swift; sourceTree = "<group>"; };
		81AA1534205C05A600F1F80F /* DocsHomeViewModel.swift */ = {isa = PBXFileReference; lastKnownFileType = sourcecode.swift; path = DocsHomeViewModel.swift; sourceTree = "<group>"; };
		81AA1536205C05C400F1F80F /* DocsHomeModel.swift */ = {isa = PBXFileReference; lastKnownFileType = sourcecode.swift; path = DocsHomeModel.swift; sourceTree = "<group>"; };
		81AA1539205C07C400F1F80F /* CustomDocFileCell.swift */ = {isa = PBXFileReference; lastKnownFileType = sourcecode.swift; path = CustomDocFileCell.swift; sourceTree = "<group>"; };
		81AA153B205C07DC00F1F80F /* CustomDocFolderCell.swift */ = {isa = PBXFileReference; fileEncoding = 4; lastKnownFileType = sourcecode.swift; path = CustomDocFolderCell.swift; sourceTree = "<group>"; };
		81AA153D205C08BB00F1F80F /* DocsHomeVC+UICollectionView.swift */ = {isa = PBXFileReference; lastKnownFileType = sourcecode.swift; path = "DocsHomeVC+UICollectionView.swift"; sourceTree = "<group>"; };
		81AA1544205D352B00F1F80F /* SelectFileVC.swift */ = {isa = PBXFileReference; fileEncoding = 4; lastKnownFileType = sourcecode.swift; path = SelectFileVC.swift; sourceTree = "<group>"; };
		81AA1547205D353C00F1F80F /* SelectFileViewModel.swift */ = {isa = PBXFileReference; lastKnownFileType = sourcecode.swift; path = SelectFileViewModel.swift; sourceTree = "<group>"; };
		81AA1549205D354B00F1F80F /* SelectFileModel.swift */ = {isa = PBXFileReference; lastKnownFileType = sourcecode.swift; path = SelectFileModel.swift; sourceTree = "<group>"; };
		81AA154B205D357A00F1F80F /* SelectFileVC+UIImagePicker.swift */ = {isa = PBXFileReference; lastKnownFileType = sourcecode.swift; path = "SelectFileVC+UIImagePicker.swift"; sourceTree = "<group>"; };
		81AA1551205D3CEE00F1F80F /* SelectedFileVC.swift */ = {isa = PBXFileReference; lastKnownFileType = sourcecode.swift; path = SelectedFileVC.swift; sourceTree = "<group>"; };
		81AA1553205D3D0100F1F80F /* SelectedFileModel.swift */ = {isa = PBXFileReference; lastKnownFileType = sourcecode.swift; path = SelectedFileModel.swift; sourceTree = "<group>"; };
		81AA1555205D3D1600F1F80F /* SelectedFileViewModel.swift */ = {isa = PBXFileReference; lastKnownFileType = sourcecode.swift; path = SelectedFileViewModel.swift; sourceTree = "<group>"; };
		81AEA95A205F6C4E00967FFA /* CollectionFooterReusableView.swift */ = {isa = PBXFileReference; fileEncoding = 4; lastKnownFileType = sourcecode.swift; path = CollectionFooterReusableView.swift; sourceTree = "<group>"; };
		81AEA95D205F6C9600967FFA /* DocsAndFiles.storyboard */ = {isa = PBXFileReference; fileEncoding = 4; lastKnownFileType = file.storyboard; path = DocsAndFiles.storyboard; sourceTree = "<group>"; };
		81AEA95F205F6CAE00967FFA /* CustomViews.xib */ = {isa = PBXFileReference; lastKnownFileType = file.xib; path = CustomViews.xib; sourceTree = "<group>"; };
		81AEA9612060C23400967FFA /* FileManagerHelper.swift */ = {isa = PBXFileReference; lastKnownFileType = sourcecode.swift; path = FileManagerHelper.swift; sourceTree = "<group>"; };
		81AEA9632060CB0400967FFA /* DocsFilesConstants.swift */ = {isa = PBXFileReference; lastKnownFileType = sourcecode.swift; path = DocsFilesConstants.swift; sourceTree = "<group>"; };
		A80AD4FC8CD85CC7DF962F2A /* Pods-PeerBucketSample.debug.xcconfig */ = {isa = PBXFileReference; includeInIndex = 1; lastKnownFileType = text.xcconfig; name = "Pods-PeerBucketSample.debug.xcconfig"; path = "Pods/Target Support Files/Pods-PeerBucketSample/Pods-PeerBucketSample.debug.xcconfig"; sourceTree = "<group>"; };
/* End PBXFileReference section */

/* Begin PBXFrameworksBuildPhase section */
		819EFAA3205B997100BE9CFF /* Frameworks */ = {
			isa = PBXFrameworksBuildPhase;
			buildActionMask = 2147483647;
			files = (
				153DBEB22CD8136DC4BC9599 /* Pods_PeerBucketSample.framework in Frameworks */,
			);
			runOnlyForDeploymentPostprocessing = 0;
		};
/* End PBXFrameworksBuildPhase section */

/* Begin PBXGroup section */
		12CB25C7A08C30F5857AB833 /* Pods */ = {
			isa = PBXGroup;
			children = (
				A80AD4FC8CD85CC7DF962F2A /* Pods-PeerBucketSample.debug.xcconfig */,
				04A7A478775DEED766EF7A1D /* Pods-PeerBucketSample.release.xcconfig */,
			);
			name = Pods;
			sourceTree = "<group>";
		};
		819EFA9D205B997100BE9CFF = {
			isa = PBXGroup;
			children = (
				819EFAA8205B997100BE9CFF /* PeerBucketSample */,
				819EFAA7205B997100BE9CFF /* Products */,
				12CB25C7A08C30F5857AB833 /* Pods */,
				EA6550EE1AC130B285D089B1 /* Frameworks */,
			);
			sourceTree = "<group>";
		};
		819EFAA7205B997100BE9CFF /* Products */ = {
			isa = PBXGroup;
			children = (
				819EFAA6205B997100BE9CFF /* PeerBucketSample.app */,
			);
			name = Products;
			sourceTree = "<group>";
		};
		819EFAA8205B997100BE9CFF /* PeerBucketSample */ = {
			isa = PBXGroup;
			children = (
				819EFABB205B9BFA00BE9CFF /* HelperFiles */,
				819EFAA9205B997100BE9CFF /* AppDelegate.swift */,
				81AA1525205C04F400F1F80F /* ProjectFiles */,
				819EFAB0205B997100BE9CFF /* Assets.xcassets */,
				819EFAB2205B997100BE9CFF /* LaunchScreen.storyboard */,
				819EFAB5205B997100BE9CFF /* Info.plist */,
			);
			path = PeerBucketSample;
			sourceTree = "<group>";
		};
		819EFABB205B9BFA00BE9CFF /* HelperFiles */ = {
			isa = PBXGroup;
			children = (
				819EFAC0205B9D0400BE9CFF /* APIEndPoints.swift */,
				819EFAC1205B9D0400BE9CFF /* NetworkManager.swift */,
				819EFAC2205B9D0400BE9CFF /* Utility.swift */,
				81AEA9612060C23400967FFA /* FileManagerHelper.swift */,
				81AEA9632060CB0400967FFA /* DocsFilesConstants.swift */,
			);
			path = HelperFiles;
			sourceTree = "<group>";
		};
		81AA1525205C04F400F1F80F /* ProjectFiles */ = {
			isa = PBXGroup;
			children = (
				81AEA95C205F6C9600967FFA /* StoryBoard */,
				81AA154D205D3CD700F1F80F /* SelectedFile */,
				81AA1541205D352B00F1F80F /* SelectFile */,
				81AA152E205C059400F1F80F /* DocsHome */,
				81AA1526205C04F400F1F80F /* BaseVC.swift */,
				81AA1528205C04F400F1F80F /* HomeViewController.swift */,
				81AA1529205C04F400F1F80F /* PopVC.swift */,
			);
			path = ProjectFiles;
			sourceTree = "<group>";
		};
		81AA152E205C059400F1F80F /* DocsHome */ = {
			isa = PBXGroup;
			children = (
				81AA152F205C059400F1F80F /* ViewModel */,
				81AA1530205C059400F1F80F /* ViewC */,
				81AA1532205C059400F1F80F /* Model */,
			);
			path = DocsHome;
			sourceTree = "<group>";
		};
		81AA152F205C059400F1F80F /* ViewModel */ = {
			isa = PBXGroup;
			children = (
				81AA1534205C05A600F1F80F /* DocsHomeViewModel.swift */,
			);
			path = ViewModel;
			sourceTree = "<group>";
		};
		81AA1530205C059400F1F80F /* ViewC */ = {
			isa = PBXGroup;
			children = (
				81AA1531205C059400F1F80F /* DocsHomeVC.swift */,
				81AA153D205C08BB00F1F80F /* DocsHomeVC+UICollectionView.swift */,
				81AA1538205C07A900F1F80F /* CustomCells */,
			);
			path = ViewC;
			sourceTree = "<group>";
		};
		81AA1532205C059400F1F80F /* Model */ = {
			isa = PBXGroup;
			children = (
				81AA1536205C05C400F1F80F /* DocsHomeModel.swift */,
			);
			path = Model;
			sourceTree = "<group>";
		};
		81AA1538205C07A900F1F80F /* CustomCells */ = {
			isa = PBXGroup;
			children = (
				8172B4CC2066A29100AB1DA6 /* CustomNewFolderCell.swift */,
				81AEA95A205F6C4E00967FFA /* CollectionFooterReusableView.swift */,
				81AA153B205C07DC00F1F80F /* CustomDocFolderCell.swift */,
				81AA1539205C07C400F1F80F /* CustomDocFileCell.swift */,
			);
			path = CustomCells;
			sourceTree = "<group>";
		};
		81AA1541205D352B00F1F80F /* SelectFile */ = {
			isa = PBXGroup;
			children = (
				81AA1542205D352B00F1F80F /* ViewModel */,
				81AA1543205D352B00F1F80F /* ViewC */,
				81AA1545205D352B00F1F80F /* Model */,
			);
			path = SelectFile;
			sourceTree = "<group>";
		};
		81AA1542205D352B00F1F80F /* ViewModel */ = {
			isa = PBXGroup;
			children = (
				81AA1547205D353C00F1F80F /* SelectFileViewModel.swift */,
			);
			path = ViewModel;
			sourceTree = "<group>";
		};
		81AA1543205D352B00F1F80F /* ViewC */ = {
			isa = PBXGroup;
			children = (
				81AA1544205D352B00F1F80F /* SelectFileVC.swift */,
				81AA154B205D357A00F1F80F /* SelectFileVC+UIImagePicker.swift */,
			);
			path = ViewC;
			sourceTree = "<group>";
		};
		81AA1545205D352B00F1F80F /* Model */ = {
			isa = PBXGroup;
			children = (
				81AA1549205D354B00F1F80F /* SelectFileModel.swift */,
			);
			path = Model;
			sourceTree = "<group>";
		};
		81AA154D205D3CD700F1F80F /* SelectedFile */ = {
			isa = PBXGroup;
			children = (
				81AA154E205D3CD700F1F80F /* ViewModel */,
				81AA154F205D3CD700F1F80F /* ViewC */,
				81AA1550205D3CD700F1F80F /* Model */,
			);
			path = SelectedFile;
			sourceTree = "<group>";
		};
		81AA154E205D3CD700F1F80F /* ViewModel */ = {
			isa = PBXGroup;
			children = (
				81AA1555205D3D1600F1F80F /* SelectedFileViewModel.swift */,
			);
			path = ViewModel;
			sourceTree = "<group>";
		};
		81AA154F205D3CD700F1F80F /* ViewC */ = {
			isa = PBXGroup;
			children = (
				81AA1551205D3CEE00F1F80F /* SelectedFileVC.swift */,
			);
			path = ViewC;
			sourceTree = "<group>";
		};
		81AA1550205D3CD700F1F80F /* Model */ = {
			isa = PBXGroup;
			children = (
				81AA1553205D3D0100F1F80F /* SelectedFileModel.swift */,
			);
			path = Model;
			sourceTree = "<group>";
		};
		81AEA95C205F6C9600967FFA /* StoryBoard */ = {
			isa = PBXGroup;
			children = (
				81AEA95D205F6C9600967FFA /* DocsAndFiles.storyboard */,
				81AEA95F205F6CAE00967FFA /* CustomViews.xib */,
			);
			path = StoryBoard;
			sourceTree = "<group>";
		};
		EA6550EE1AC130B285D089B1 /* Frameworks */ = {
			isa = PBXGroup;
			children = (
				608C789048B41930551ACF4B /* Pods_PeerBucketSample.framework */,
			);
			name = Frameworks;
			sourceTree = "<group>";
		};
/* End PBXGroup section */

/* Begin PBXNativeTarget section */
		819EFAA5205B997100BE9CFF /* PeerBucketSample */ = {
			isa = PBXNativeTarget;
			buildConfigurationList = 819EFAB8205B997100BE9CFF /* Build configuration list for PBXNativeTarget "PeerBucketSample" */;
			buildPhases = (
				B7EE4E54A2820664AFBFC005 /* [CP] Check Pods Manifest.lock */,
				819EFAA2205B997100BE9CFF /* Sources */,
				819EFAA3205B997100BE9CFF /* Frameworks */,
				819EFAA4205B997100BE9CFF /* Resources */,
				0EA8C1C4C6BCA6A49CB2D2DB /* [CP] Embed Pods Frameworks */,
				176DD49832AB6DEEBE39DAB6 /* [CP] Copy Pods Resources */,
			);
			buildRules = (
			);
			dependencies = (
			);
			name = PeerBucketSample;
			productName = PeerBucketSample;
			productReference = 819EFAA6205B997100BE9CFF /* PeerBucketSample.app */;
			productType = "com.apple.product-type.application";
		};
/* End PBXNativeTarget section */

/* Begin PBXProject section */
		819EFA9E205B997100BE9CFF /* Project object */ = {
			isa = PBXProject;
			attributes = {
				LastSwiftUpdateCheck = 0920;
				LastUpgradeCheck = 0920;
				ORGANIZATIONNAME = Zabius;
				TargetAttributes = {
					819EFAA5205B997100BE9CFF = {
						CreatedOnToolsVersion = 9.2;
						ProvisioningStyle = Manual;
					};
				};
			};
			buildConfigurationList = 819EFAA1205B997100BE9CFF /* Build configuration list for PBXProject "PeerBucketSample" */;
			compatibilityVersion = "Xcode 8.0";
			developmentRegion = en;
			hasScannedForEncodings = 0;
			knownRegions = (
				en,
				Base,
			);
			mainGroup = 819EFA9D205B997100BE9CFF;
			productRefGroup = 819EFAA7205B997100BE9CFF /* Products */;
			projectDirPath = "";
			projectRoot = "";
			targets = (
				819EFAA5205B997100BE9CFF /* PeerBucketSample */,
			);
		};
/* End PBXProject section */

/* Begin PBXResourcesBuildPhase section */
		819EFAA4205B997100BE9CFF /* Resources */ = {
			isa = PBXResourcesBuildPhase;
			buildActionMask = 2147483647;
			files = (
				819EFAB4205B997100BE9CFF /* LaunchScreen.storyboard in Resources */,
				81AEA960205F6CAE00967FFA /* CustomViews.xib in Resources */,
				819EFAB1205B997100BE9CFF /* Assets.xcassets in Resources */,
				81AEA95E205F6C9600967FFA /* DocsAndFiles.storyboard in Resources */,
			);
			runOnlyForDeploymentPostprocessing = 0;
		};
/* End PBXResourcesBuildPhase section */

/* Begin PBXShellScriptBuildPhase section */
		0EA8C1C4C6BCA6A49CB2D2DB /* [CP] Embed Pods Frameworks */ = {
			isa = PBXShellScriptBuildPhase;
			buildActionMask = 2147483647;
			files = (
			);
			inputPaths = (
				"${SRCROOT}/Pods/Target Support Files/Pods-PeerBucketSample/Pods-PeerBucketSample-frameworks.sh",
				"${BUILT_PRODUCTS_DIR}/AFNetworking/AFNetworking.framework",
				"${BUILT_PRODUCTS_DIR}/Alamofire/Alamofire.framework",
				"${BUILT_PRODUCTS_DIR}/Kingfisher/Kingfisher.framework",
				"${BUILT_PRODUCTS_DIR}/Reachability/Reachability.framework",
				"${BUILT_PRODUCTS_DIR}/SVProgressHUD/SVProgressHUD.framework",
			);
			name = "[CP] Embed Pods Frameworks";
			outputPaths = (
				"${TARGET_BUILD_DIR}/${FRAMEWORKS_FOLDER_PATH}/AFNetworking.framework",
				"${TARGET_BUILD_DIR}/${FRAMEWORKS_FOLDER_PATH}/Alamofire.framework",
				"${TARGET_BUILD_DIR}/${FRAMEWORKS_FOLDER_PATH}/Kingfisher.framework",
				"${TARGET_BUILD_DIR}/${FRAMEWORKS_FOLDER_PATH}/Reachability.framework",
				"${TARGET_BUILD_DIR}/${FRAMEWORKS_FOLDER_PATH}/SVProgressHUD.framework",
			);
			runOnlyForDeploymentPostprocessing = 0;
			shellPath = /bin/sh;
			shellScript = "\"${SRCROOT}/Pods/Target Support Files/Pods-PeerBucketSample/Pods-PeerBucketSample-frameworks.sh\"\n";
			showEnvVarsInLog = 0;
		};
		176DD49832AB6DEEBE39DAB6 /* [CP] Copy Pods Resources */ = {
			isa = PBXShellScriptBuildPhase;
			buildActionMask = 2147483647;
			files = (
			);
			inputPaths = (
			);
			name = "[CP] Copy Pods Resources";
			outputPaths = (
			);
			runOnlyForDeploymentPostprocessing = 0;
			shellPath = /bin/sh;
			shellScript = "\"${SRCROOT}/Pods/Target Support Files/Pods-PeerBucketSample/Pods-PeerBucketSample-resources.sh\"\n";
			showEnvVarsInLog = 0;
		};
		B7EE4E54A2820664AFBFC005 /* [CP] Check Pods Manifest.lock */ = {
			isa = PBXShellScriptBuildPhase;
			buildActionMask = 2147483647;
			files = (
			);
			inputPaths = (
				"${PODS_PODFILE_DIR_PATH}/Podfile.lock",
				"${PODS_ROOT}/Manifest.lock",
			);
			name = "[CP] Check Pods Manifest.lock";
			outputPaths = (
				"$(DERIVED_FILE_DIR)/Pods-PeerBucketSample-checkManifestLockResult.txt",
			);
			runOnlyForDeploymentPostprocessing = 0;
			shellPath = /bin/sh;
			shellScript = "diff \"${PODS_PODFILE_DIR_PATH}/Podfile.lock\" \"${PODS_ROOT}/Manifest.lock\" > /dev/null\nif [ $? != 0 ] ; then\n    # print error to STDERR\n    echo \"error: The sandbox is not in sync with the Podfile.lock. Run 'pod install' or update your CocoaPods installation.\" >&2\n    exit 1\nfi\n# This output is used by Xcode 'outputs' to avoid re-running this script phase.\necho \"SUCCESS\" > \"${SCRIPT_OUTPUT_FILE_0}\"\n";
			showEnvVarsInLog = 0;
		};
/* End PBXShellScriptBuildPhase section */

/* Begin PBXSourcesBuildPhase section */
		819EFAA2205B997100BE9CFF /* Sources */ = {
			isa = PBXSourcesBuildPhase;
			buildActionMask = 2147483647;
			files = (
				819EFAC5205B9D0400BE9CFF /* Utility.swift in Sources */,
				81AA154A205D354B00F1F80F /* SelectFileModel.swift in Sources */,
				81AA153C205C07DC00F1F80F /* CustomDocFolderCell.swift in Sources */,
				81AA1537205C05C400F1F80F /* DocsHomeModel.swift in Sources */,
				81AA154C205D357A00F1F80F /* SelectFileVC+UIImagePicker.swift in Sources */,
				81AA153A205C07C400F1F80F /* CustomDocFileCell.swift in Sources */,
				819EFAAA205B997100BE9CFF /* AppDelegate.swift in Sources */,
				81AA1556205D3D1600F1F80F /* SelectedFileViewModel.swift in Sources */,
				81AA152A205C04F400F1F80F /* BaseVC.swift in Sources */,
				81AEA95B205F6C4E00967FFA /* CollectionFooterReusableView.swift in Sources */,
				81AA152D205C04F400F1F80F /* PopVC.swift in Sources */,
				81AA1535205C05A600F1F80F /* DocsHomeViewModel.swift in Sources */,
				81AA1548205D353C00F1F80F /* SelectFileViewModel.swift in Sources */,
				81AA1546205D352B00F1F80F /* SelectFileVC.swift in Sources */,
				81AA1554205D3D0100F1F80F /* SelectedFileModel.swift in Sources */,
				819EFAC3205B9D0400BE9CFF /* APIEndPoints.swift in Sources */,
				81AEA9642060CB0400967FFA /* DocsFilesConstants.swift in Sources */,
				81AA152C205C04F400F1F80F /* HomeViewController.swift in Sources */,
				81AA1533205C059400F1F80F /* DocsHomeVC.swift in Sources */,
				81AA1552205D3CEE00F1F80F /* SelectedFileVC.swift in Sources */,
				81AA153E205C08BB00F1F80F /* DocsHomeVC+UICollectionView.swift in Sources */,
				8172B4CD2066A29300AB1DA6 /* CustomNewFolderCell.swift in Sources */,
				819EFAC4205B9D0400BE9CFF /* NetworkManager.swift in Sources */,
				81AEA9622060C23400967FFA /* FileManagerHelper.swift in Sources */,
			);
			runOnlyForDeploymentPostprocessing = 0;
		};
/* End PBXSourcesBuildPhase section */

/* Begin PBXVariantGroup section */
		819EFAB2205B997100BE9CFF /* LaunchScreen.storyboard */ = {
			isa = PBXVariantGroup;
			children = (
				819EFAB3205B997100BE9CFF /* Base */,
			);
			name = LaunchScreen.storyboard;
			sourceTree = "<group>";
		};
/* End PBXVariantGroup section */

/* Begin XCBuildConfiguration section */
		819EFAB6205B997100BE9CFF /* Debug */ = {
			isa = XCBuildConfiguration;
			buildSettings = {
				ALWAYS_SEARCH_USER_PATHS = NO;
				CLANG_ANALYZER_NONNULL = YES;
				CLANG_ANALYZER_NUMBER_OBJECT_CONVERSION = YES_AGGRESSIVE;
				CLANG_CXX_LANGUAGE_STANDARD = "gnu++14";
				CLANG_CXX_LIBRARY = "libc++";
				CLANG_ENABLE_MODULES = YES;
				CLANG_ENABLE_OBJC_ARC = YES;
				CLANG_WARN_BLOCK_CAPTURE_AUTORELEASING = YES;
				CLANG_WARN_BOOL_CONVERSION = YES;
				CLANG_WARN_COMMA = YES;
				CLANG_WARN_CONSTANT_CONVERSION = YES;
				CLANG_WARN_DIRECT_OBJC_ISA_USAGE = YES_ERROR;
				CLANG_WARN_DOCUMENTATION_COMMENTS = YES;
				CLANG_WARN_EMPTY_BODY = YES;
				CLANG_WARN_ENUM_CONVERSION = YES;
				CLANG_WARN_INFINITE_RECURSION = YES;
				CLANG_WARN_INT_CONVERSION = YES;
				CLANG_WARN_NON_LITERAL_NULL_CONVERSION = YES;
				CLANG_WARN_OBJC_LITERAL_CONVERSION = YES;
				CLANG_WARN_OBJC_ROOT_CLASS = YES_ERROR;
				CLANG_WARN_RANGE_LOOP_ANALYSIS = YES;
				CLANG_WARN_STRICT_PROTOTYPES = YES;
				CLANG_WARN_SUSPICIOUS_MOVE = YES;
				CLANG_WARN_UNGUARDED_AVAILABILITY = YES_AGGRESSIVE;
				CLANG_WARN_UNREACHABLE_CODE = YES;
				CLANG_WARN__DUPLICATE_METHOD_MATCH = YES;
				CODE_SIGN_IDENTITY = "iPhone Developer";
				COPY_PHASE_STRIP = NO;
				DEBUG_INFORMATION_FORMAT = dwarf;
				ENABLE_STRICT_OBJC_MSGSEND = YES;
				ENABLE_TESTABILITY = YES;
				GCC_C_LANGUAGE_STANDARD = gnu11;
				GCC_DYNAMIC_NO_PIC = NO;
				GCC_NO_COMMON_BLOCKS = YES;
				GCC_OPTIMIZATION_LEVEL = 0;
				GCC_PREPROCESSOR_DEFINITIONS = (
					"DEBUG=1",
					"$(inherited)",
				);
				GCC_WARN_64_TO_32_BIT_CONVERSION = YES;
				GCC_WARN_ABOUT_RETURN_TYPE = YES_ERROR;
				GCC_WARN_UNDECLARED_SELECTOR = YES;
				GCC_WARN_UNINITIALIZED_AUTOS = YES_AGGRESSIVE;
				GCC_WARN_UNUSED_FUNCTION = YES;
				GCC_WARN_UNUSED_VARIABLE = YES;
				IPHONEOS_DEPLOYMENT_TARGET = 11.2;
				MTL_ENABLE_DEBUG_INFO = YES;
				ONLY_ACTIVE_ARCH = YES;
				SDKROOT = iphoneos;
				SWIFT_ACTIVE_COMPILATION_CONDITIONS = DEBUG;
				SWIFT_OPTIMIZATION_LEVEL = "-Onone";
			};
			name = Debug;
		};
		819EFAB7205B997100BE9CFF /* Release */ = {
			isa = XCBuildConfiguration;
			buildSettings = {
				ALWAYS_SEARCH_USER_PATHS = NO;
				CLANG_ANALYZER_NONNULL = YES;
				CLANG_ANALYZER_NUMBER_OBJECT_CONVERSION = YES_AGGRESSIVE;
				CLANG_CXX_LANGUAGE_STANDARD = "gnu++14";
				CLANG_CXX_LIBRARY = "libc++";
				CLANG_ENABLE_MODULES = YES;
				CLANG_ENABLE_OBJC_ARC = YES;
				CLANG_WARN_BLOCK_CAPTURE_AUTORELEASING = YES;
				CLANG_WARN_BOOL_CONVERSION = YES;
				CLANG_WARN_COMMA = YES;
				CLANG_WARN_CONSTANT_CONVERSION = YES;
				CLANG_WARN_DIRECT_OBJC_ISA_USAGE = YES_ERROR;
				CLANG_WARN_DOCUMENTATION_COMMENTS = YES;
				CLANG_WARN_EMPTY_BODY = YES;
				CLANG_WARN_ENUM_CONVERSION = YES;
				CLANG_WARN_INFINITE_RECURSION = YES;
				CLANG_WARN_INT_CONVERSION = YES;
				CLANG_WARN_NON_LITERAL_NULL_CONVERSION = YES;
				CLANG_WARN_OBJC_LITERAL_CONVERSION = YES;
				CLANG_WARN_OBJC_ROOT_CLASS = YES_ERROR;
				CLANG_WARN_RANGE_LOOP_ANALYSIS = YES;
				CLANG_WARN_STRICT_PROTOTYPES = YES;
				CLANG_WARN_SUSPICIOUS_MOVE = YES;
				CLANG_WARN_UNGUARDED_AVAILABILITY = YES_AGGRESSIVE;
				CLANG_WARN_UNREACHABLE_CODE = YES;
				CLANG_WARN__DUPLICATE_METHOD_MATCH = YES;
				CODE_SIGN_IDENTITY = "iPhone Developer";
				COPY_PHASE_STRIP = NO;
				DEBUG_INFORMATION_FORMAT = "dwarf-with-dsym";
				ENABLE_NS_ASSERTIONS = NO;
				ENABLE_STRICT_OBJC_MSGSEND = YES;
				GCC_C_LANGUAGE_STANDARD = gnu11;
				GCC_NO_COMMON_BLOCKS = YES;
				GCC_WARN_64_TO_32_BIT_CONVERSION = YES;
				GCC_WARN_ABOUT_RETURN_TYPE = YES_ERROR;
				GCC_WARN_UNDECLARED_SELECTOR = YES;
				GCC_WARN_UNINITIALIZED_AUTOS = YES_AGGRESSIVE;
				GCC_WARN_UNUSED_FUNCTION = YES;
				GCC_WARN_UNUSED_VARIABLE = YES;
				IPHONEOS_DEPLOYMENT_TARGET = 11.2;
				MTL_ENABLE_DEBUG_INFO = NO;
				SDKROOT = iphoneos;
				SWIFT_OPTIMIZATION_LEVEL = "-Owholemodule";
				VALIDATE_PRODUCT = YES;
			};
			name = Release;
		};
		819EFAB9205B997100BE9CFF /* Debug */ = {
			isa = XCBuildConfiguration;
			baseConfigurationReference = A80AD4FC8CD85CC7DF962F2A /* Pods-PeerBucketSample.debug.xcconfig */;
			buildSettings = {
				ASSETCATALOG_COMPILER_APPICON_NAME = AppIcon;
				CODE_SIGN_STYLE = Manual;
				DEVELOPMENT_TEAM = K383G7UJW4;
				INFOPLIST_FILE = PeerBucketSample/Info.plist;
				LD_RUNPATH_SEARCH_PATHS = "$(inherited) @executable_path/Frameworks";
				PRODUCT_BUNDLE_IDENTIFIER = com.software.test;
				PRODUCT_NAME = "$(TARGET_NAME)";
				PROVISIONING_PROFILE = "14150882-078d-447a-be57-9ccc5ec0eb9f";
				PROVISIONING_PROFILE_SPECIFIER = "all provincing profile";
				SWIFT_VERSION = 3.0;
				TARGETED_DEVICE_FAMILY = "1,2";
			};
			name = Debug;
		};
		819EFABA205B997100BE9CFF /* Release */ = {
			isa = XCBuildConfiguration;
			baseConfigurationReference = 04A7A478775DEED766EF7A1D /* Pods-PeerBucketSample.release.xcconfig */;
			buildSettings = {
				ASSETCATALOG_COMPILER_APPICON_NAME = AppIcon;
				CODE_SIGN_STYLE = Manual;
				DEVELOPMENT_TEAM = K383G7UJW4;
				INFOPLIST_FILE = PeerBucketSample/Info.plist;
				LD_RUNPATH_SEARCH_PATHS = "$(inherited) @executable_path/Frameworks";
				PRODUCT_BUNDLE_IDENTIFIER = com.software.test;
				PRODUCT_NAME = "$(TARGET_NAME)";
				PROVISIONING_PROFILE = "14150882-078d-447a-be57-9ccc5ec0eb9f";
				PROVISIONING_PROFILE_SPECIFIER = "all provincing profile";
				SWIFT_VERSION = 3.0;
				TARGETED_DEVICE_FAMILY = "1,2";
			};
			name = Release;
		};
/* End XCBuildConfiguration section */

/* Begin XCConfigurationList section */
		819EFAA1205B997100BE9CFF /* Build configuration list for PBXProject "PeerBucketSample" */ = {
			isa = XCConfigurationList;
			buildConfigurations = (
				819EFAB6205B997100BE9CFF /* Debug */,
				819EFAB7205B997100BE9CFF /* Release */,
			);
			defaultConfigurationIsVisible = 0;
			defaultConfigurationName = Release;
		};
		819EFAB8205B997100BE9CFF /* Build configuration list for PBXNativeTarget "PeerBucketSample" */ = {
			isa = XCConfigurationList;
			buildConfigurations = (
				819EFAB9205B997100BE9CFF /* Debug */,
				819EFABA205B997100BE9CFF /* Release */,
			);
			defaultConfigurationIsVisible = 0;
			defaultConfigurationName = Release;
		};
/* End XCConfigurationList section */
	};
	rootObject = 819EFA9E205B997100BE9CFF /* Project object */;
}
